
Microsoft Visual Studio Solution File, Format Version 12.00
# Visual Studio Version 16
VisualStudioVersion = 16.0.32106.194
MinimumVisualStudioVersion = 10.0.40219.1
Project("{8BC9CEB8-8B4A-11D0-8D11-00A0C91BC942}") = "AC_lab5", "AC_lab5\AC_lab5.vcxproj", "{E13DCAF9-CB8A-4D2C-AA9D-7E61FBD33CFD}"
EndProject
Global
	GlobalSection(SolutionConfigurationPlatforms) = preSolution
		Debug|x64 = Debug|x64
		Debug|x86 = Debug|x86
		Release|x64 = Release|x64
		Release|x86 = Release|x86
	EndGlobalSection
	GlobalSection(ProjectConfigurationPlatforms) = postSolution
		{E13DCAF9-CB8A-4D2C-AA9D-7E61FBD33CFD}.Debug|x64.ActiveCfg = Debug|x64
		{E13DCAF9-CB8A-4D2C-AA9D-7E61FBD33CFD}.Debug|x64.Build.0 = Debug|x64
		{E13DCAF9-CB8A-4D2C-AA9D-7E61FBD33CFD}.Debug|x86.ActiveCfg = Debug|Win32
		{E13DCAF9-CB8A-4D2C-AA9D-7E61FBD33CFD}.Debug|x86.Build.0 = Debug|Win32
		{E13DCAF9-CB8A-4D2C-AA9D-7E61FBD33CFD}.Release|x64.ActiveCfg = Release|x64
		{E13DCAF9-CB8A-4D2C-AA9D-7E61FBD33CFD}.Release|x64.Build.0 = Release|x64
		{E13DCAF9-CB8A-4D2C-AA9D-7E61FBD33CFD}.Release|x86.ActiveCfg = Release|Win32
		{E13DCAF9-CB8A-4D2C-AA9D-7E61FBD33CFD}.Release|x86.Build.0 = Release|Win32
	EndGlobalSection
	GlobalSection(SolutionProperties) = preSolution
		HideSolutionNode = FALSE
	EndGlobalSection
	GlobalSection(ExtensibilityGlobals) = postSolution
		SolutionGuid = {BFE5C724-1324-405C-A6A4-188E62E7C451}
	EndGlobalSection
EndGlobal
